
Microsoft Visual Studio Solution File, Format Version 12.00
# Visual Studio Version 17
VisualStudioVersion = 17.14.36915.13 d17.14
MinimumVisualStudioVersion = 10.0.40219.1
Project("{FAE04EC0-301F-11D3-BF4B-00C04F79EFBC}") = "SignUp", "SignUp\SignUp.csproj", "{26F0787A-44CA-4634-87EE-BB8CA9B252E8}"
EndProject
Global
	GlobalSection(SolutionConfigurationPlatforms) = preSolution
		Debug|Any CPU = Debug|Any CPU
		Release|Any CPU = Release|Any CPU
	EndGlobalSection
	GlobalSection(ProjectConfigurationPlatforms) = postSolution
		{26F0787A-44CA-4634-87EE-BB8CA9B252E8}.Debug|Any CPU.ActiveCfg = Debug|Any CPU
		{26F0787A-44CA-4634-87EE-BB8CA9B252E8}.Debug|Any CPU.Build.0 = Debug|Any CPU
		{26F0787A-44CA-4634-87EE-BB8CA9B252E8}.Release|Any CPU.ActiveCfg = Release|Any CPU
		{26F0787A-44CA-4634-87EE-BB8CA9B252E8}.Release|Any CPU.Build.0 = Release|Any CPU
	EndGlobalSection
	GlobalSection(SolutionProperties) = preSolution
		HideSolutionNode = FALSE
	EndGlobalSection
	GlobalSection(ExtensibilityGlobals) = postSolution
		SolutionGuid = {9F6DD755-107E-4ED8-8079-B1F3A0CD9D7C}
	EndGlobalSection
EndGlobal
